
Microsoft Visual Studio Solution File, Format Version 11.00
# Visual Studio 2010
Project("{FAE04EC0-301F-11D3-BF4B-00C04F79EFBC}") = "E2SW_BM1", "Assembly-CSharp.csproj", "{A3338C97-BC7A-6CBD-AD49-040CF6F2BCF1}"
EndProject
Project("{FAE04EC0-301F-11D3-BF4B-00C04F79EFBC}") = "E2SW_BM1", "Assembly-CSharp-Editor.csproj", "{A6C9D615-A9C7-565C-B544-90338F74D5D8}"
EndProject
Global
	GlobalSection(SolutionConfigurationPlatforms) = preSolution
		Debug|Any CPU = Debug|Any CPU
		Release|Any CPU = Release|Any CPU
	EndGlobalSection
	GlobalSection(ProjectConfigurationPlatforms) = postSolution
		{A3338C97-BC7A-6CBD-AD49-040CF6F2BCF1}.Debug|Any CPU.ActiveCfg = Debug|Any CPU
		{A3338C97-BC7A-6CBD-AD49-040CF6F2BCF1}.Debug|Any CPU.Build.0 = Debug|Any CPU
		{A3338C97-BC7A-6CBD-AD49-040CF6F2BCF1}.Release|Any CPU.ActiveCfg = Release|Any CPU
		{A3338C97-BC7A-6CBD-AD49-040CF6F2BCF1}.Release|Any CPU.Build.0 = Release|Any CPU
		{A6C9D615-A9C7-565C-B544-90338F74D5D8}.Debug|Any CPU.ActiveCfg = Debug|Any CPU
		{A6C9D615-A9C7-565C-B544-90338F74D5D8}.Debug|Any CPU.Build.0 = Debug|Any CPU
		{A6C9D615-A9C7-565C-B544-90338F74D5D8}.Release|Any CPU.ActiveCfg = Release|Any CPU
		{A6C9D615-A9C7-565C-B544-90338F74D5D8}.Release|Any CPU.Build.0 = Release|Any CPU
	EndGlobalSection
	GlobalSection(SolutionProperties) = preSolution
		HideSolutionNode = FALSE
	EndGlobalSection
	GlobalSection(MonoDevelopProperties) = preSolution
		StartupItem = Assembly-CSharp.csproj
	EndGlobalSection
EndGlobal
